{
  "version": 4,
  "terraform_version": "1.14.8",
  "serial": 3,
  "lineage": "97741c5a-a0f7-dcbe-b2f9-e6bb8c05fcd8",
  "outputs": {},
  "resources": [
    {
      "mode": "managed",
      "type": "kubernetes_config_map",
      "name": "app_config",
      "provider": "provider[\"registry.terraform.io/hashicorp/kubernetes\"]",
      "instances": [
        {
          "schema_version": 0,
          "attributes": {
            "binary_data": {},
            "data": {
              "APP_NAME": "DEDSV StopNShop",
              "ENVIRONMENT": "staging",
              "VERSION": "2.0.0"
            },
            "id": "default/terraform-config",
            "immutable": false,
            "metadata": [
              {
                "annotations": {},
                "generate_name": "",
                "generation": 0,
                "labels": {},
                "name": "terraform-config",
                "namespace": "default",
                "resource_version": "247798",
                "uid": "6e0a3cf4-178d-4efc-a600-917b67ff8387"
              }
            ]
          },
          "sensitive_attributes": [],
          "identity_schema_version": 1,
          "identity": {
            "api_version": "v1",
            "kind": "ConfigMap",
            "name": "terraform-config",
            "namespace": "default"
          },
          "private": "bnVsbA=="
        }
      ]
    }
  ],
  "check_results": null
}
